
Microsoft Visual Studio Solution File, Format Version 12.00
# Visual Studio Version 17
VisualStudioVersion = 17.6.33815.320
MinimumVisualStudioVersion = 10.0.40219.1
Project("{9A19103F-16F7-4668-BE54-9A1E7A4F7556}") = "IceAge", "IceAge.csproj", "{415E11E5-9FF8-4038-8877-C655CA10D002}"
EndProject
Project("{9A19103F-16F7-4668-BE54-9A1E7A4F7556}") = "Mastonet", "..\Mastonet\Mastonet\Mastonet.csproj", "{C0511D48-0F4C-45A0-8D62-06DE53F7A8DE}"
EndProject
Project("{9A19103F-16F7-4668-BE54-9A1E7A4F7556}") = "Mastonet.Entities", "..\Mastonet\Mastonet.Entities\Mastonet.Entities.csproj", "{427AB6BE-B8AC-4F50-9B86-91CD6FD800CD}"
EndProject
Global
	GlobalSection(SolutionConfigurationPlatforms) = preSolution
		Debug|Any CPU = Debug|Any CPU
		Debug|ARM64 = Debug|ARM64
		Debug|x64 = Debug|x64
		Debug|x86 = Debug|x86
		Release|Any CPU = Release|Any CPU
		Release|ARM64 = Release|ARM64
		Release|x64 = Release|x64
		Release|x86 = Release|x86
	EndGlobalSection
	GlobalSection(ProjectConfigurationPlatforms) = postSolution
		{415E11E5-9FF8-4038-8877-C655CA10D002}.Debug|Any CPU.ActiveCfg = Debug|x64
		{415E11E5-9FF8-4038-8877-C655CA10D002}.Debug|Any CPU.Build.0 = Debug|x64
		{415E11E5-9FF8-4038-8877-C655CA10D002}.Debug|Any CPU.Deploy.0 = Debug|x64
		{415E11E5-9FF8-4038-8877-C655CA10D002}.Debug|ARM64.ActiveCfg = Debug|ARM64
		{415E11E5-9FF8-4038-8877-C655CA10D002}.Debug|ARM64.Build.0 = Debug|ARM64
		{415E11E5-9FF8-4038-8877-C655CA10D002}.Debug|ARM64.Deploy.0 = Debug|ARM64
		{415E11E5-9FF8-4038-8877-C655CA10D002}.Debug|x64.ActiveCfg = Debug|x64
		{415E11E5-9FF8-4038-8877-C655CA10D002}.Debug|x64.Build.0 = Debug|x64
		{415E11E5-9FF8-4038-8877-C655CA10D002}.Debug|x64.Deploy.0 = Debug|x64
		{415E11E5-9FF8-4038-8877-C655CA10D002}.Debug|x86.ActiveCfg = Debug|x86
		{415E11E5-9FF8-4038-8877-C655CA10D002}.Debug|x86.Build.0 = Debug|x86
		{415E11E5-9FF8-4038-8877-C655CA10D002}.Debug|x86.Deploy.0 = Debug|x86
		{415E11E5-9FF8-4038-8877-C655CA10D002}.Release|Any CPU.ActiveCfg = Release|x64
		{415E11E5-9FF8-4038-8877-C655CA10D002}.Release|Any CPU.Build.0 = Release|x64
		{415E11E5-9FF8-4038-8877-C655CA10D002}.Release|Any CPU.Deploy.0 = Release|x64
		{415E11E5-9FF8-4038-8877-C655CA10D002}.Release|ARM64.ActiveCfg = Release|ARM64
		{415E11E5-9FF8-4038-8877-C655CA10D002}.Release|ARM64.Build.0 = Release|ARM64
		{415E11E5-9FF8-4038-8877-C655CA10D002}.Release|ARM64.Deploy.0 = Release|ARM64
		{415E11E5-9FF8-4038-8877-C655CA10D002}.Release|x64.ActiveCfg = Release|x64
		{415E11E5-9FF8-4038-8877-C655CA10D002}.Release|x64.Build.0 = Release|x64
		{415E11E5-9FF8-4038-8877-C655CA10D002}.Release|x64.Deploy.0 = Release|x64
		{415E11E5-9FF8-4038-8877-C655CA10D002}.Release|x86.ActiveCfg = Release|x86
		{415E11E5-9FF8-4038-8877-C655CA10D002}.Release|x86.Build.0 = Release|x86
		{415E11E5-9FF8-4038-8877-C655CA10D002}.Release|x86.Deploy.0 = Release|x86
		{C0511D48-0F4C-45A0-8D62-06DE53F7A8DE}.Debug|Any CPU.ActiveCfg = Debug|Any CPU
		{C0511D48-0F4C-45A0-8D62-06DE53F7A8DE}.Debug|Any CPU.Build.0 = Debug|Any CPU
		{C0511D48-0F4C-45A0-8D62-06DE53F7A8DE}.Debug|ARM64.ActiveCfg = Debug|Any CPU
		{C0511D48-0F4C-45A0-8D62-06DE53F7A8DE}.Debug|ARM64.Build.0 = Debug|Any CPU
		{C0511D48-0F4C-45A0-8D62-06DE53F7A8DE}.Debug|x64.ActiveCfg = Debug|Any CPU
		{C0511D48-0F4C-45A0-8D62-06DE53F7A8DE}.Debug|x64.Build.0 = Debug|Any CPU
		{C0511D48-0F4C-45A0-8D62-06DE53F7A8DE}.Debug|x86.ActiveCfg = Debug|Any CPU
		{C0511D48-0F4C-45A0-8D62-06DE53F7A8DE}.Debug|x86.Build.0 = Debug|Any CPU
		{C0511D48-0F4C-45A0-8D62-06DE53F7A8DE}.Release|Any CPU.ActiveCfg = Release|Any CPU
		{C0511D48-0F4C-45A0-8D62-06DE53F7A8DE}.Release|Any CPU.Build.0 = Release|Any CPU
		{C0511D48-0F4C-45A0-8D62-06DE53F7A8DE}.Release|ARM64.ActiveCfg = Release|Any CPU
		{C0511D48-0F4C-45A0-8D62-06DE53F7A8DE}.Release|ARM64.Build.0 = Release|Any CPU
		{C0511D48-0F4C-45A0-8D62-06DE53F7A8DE}.Release|x64.ActiveCfg = Release|Any CPU
		{C0511D48-0F4C-45A0-8D62-06DE53F7A8DE}.Release|x64.Build.0 = Release|Any CPU
		{C0511D48-0F4C-45A0-8D62-06DE53F7A8DE}.Release|x86.ActiveCfg = Release|Any CPU
		{C0511D48-0F4C-45A0-8D62-06DE53F7A8DE}.Release|x86.Build.0 = Release|Any CPU
		{427AB6BE-B8AC-4F50-9B86-91CD6FD800CD}.Debug|Any CPU.ActiveCfg = Debug|Any CPU
		{427AB6BE-B8AC-4F50-9B86-91CD6FD800CD}.Debug|Any CPU.Build.0 = Debug|Any CPU
		{427AB6BE-B8AC-4F50-9B86-91CD6FD800CD}.Debug|ARM64.ActiveCfg = Debug|Any CPU
		{427AB6BE-B8AC-4F50-9B86-91CD6FD800CD}.Debug|ARM64.Build.0 = Debug|Any CPU
		{427AB6BE-B8AC-4F50-9B86-91CD6FD800CD}.Debug|x64.ActiveCfg = Debug|Any CPU
		{427AB6BE-B8AC-4F50-9B86-91CD6FD800CD}.Debug|x64.Build.0 = Debug|Any CPU
		{427AB6BE-B8AC-4F50-9B86-91CD6FD800CD}.Debug|x86.ActiveCfg = Debug|Any CPU
		{427AB6BE-B8AC-4F50-9B86-91CD6FD800CD}.Debug|x86.Build.0 = Debug|Any CPU
		{427AB6BE-B8AC-4F50-9B86-91CD6FD800CD}.Release|Any CPU.ActiveCfg = Release|Any CPU
		{427AB6BE-B8AC-4F50-9B86-91CD6FD800CD}.Release|Any CPU.Build.0 = Release|Any CPU
		{427AB6BE-B8AC-4F50-9B86-91CD6FD800CD}.Release|ARM64.ActiveCfg = Release|Any CPU
		{427AB6BE-B8AC-4F50-9B86-91CD6FD800CD}.Release|ARM64.Build.0 = Release|Any CPU
		{427AB6BE-B8AC-4F50-9B86-91CD6FD800CD}.Release|x64.ActiveCfg = Release|Any CPU
		{427AB6BE-B8AC-4F50-9B86-91CD6FD800CD}.Release|x64.Build.0 = Release|Any CPU
		{427AB6BE-B8AC-4F50-9B86-91CD6FD800CD}.Release|x86.ActiveCfg = Release|Any CPU
		{427AB6BE-B8AC-4F50-9B86-91CD6FD800CD}.Release|x86.Build.0 = Release|Any CPU
	EndGlobalSection
	GlobalSection(SolutionProperties) = preSolution
		HideSolutionNode = FALSE
	EndGlobalSection
	GlobalSection(ExtensibilityGlobals) = postSolution
		SolutionGuid = {CB06D51C-B629-4CC9-A824-E000C419423C}
	EndGlobalSection
EndGlobal
